Microsoft Visual Studio Solution File, Format Version 12.00
# Visual Studio Version 17
VisualStudioVersion = 17.6.33723.286
MinimumVisualStudioVersion = 10.0.40219.1
Project("{9A19103F-16F7-4668-BE54-9A1E7A4F7556}") = "Corp.Lib.CertificateAuthentication", "Corp.Lib.CertificateAuthentication\Corp.Lib.CertificateAuthentication.csproj", "{8401A582-F38C-4B59-BFB7-3AA5D5577A9C}"
EndProject
Project("{FAE04EC0-301F-11D3-BF4B-00C04F79EFBC}") = "Corp.Api.CertificateAuthentication", "Corp.Api.CertificateAuthentication\Corp.Api.CertificateAuthentication.csproj", "{82E32CAD-7E2F-43A2-A875-C8E681DE0857}"
EndProject
Project("{FAE04EC0-301F-11D3-BF4B-00C04F79EFBC}") = "Corp.Web.CertificateAuthentication", "Corp.Web.CertificateAuthentication\Corp.Web.CertificateAuthentication.csproj", "{AA52D528-8D1F-4FE7-9D05-7807BE56D6EC}"
EndProject
Global
	GlobalSection(SolutionConfigurationPlatforms) = preSolution
		Debug|Any CPU = Debug|Any CPU
		Release|Any CPU = Release|Any CPU
	EndGlobalSection
	GlobalSection(ProjectConfigurationPlatforms) = postSolution
		{8401A582-F38C-4B59-BFB7-3AA5D5577A9C}.Debug|Any CPU.ActiveCfg = Debug|Any CPU
		{8401A582-F38C-4B59-BFB7-3AA5D5577A9C}.Debug|Any CPU.Build.0 = Debug|Any CPU
		{8401A582-F38C-4B59-BFB7-3AA5D5577A9C}.Release|Any CPU.ActiveCfg = Release|Any CPU
		{8401A582-F38C-4B59-BFB7-3AA5D5577A9C}.Release|Any CPU.Build.0 = Release|Any CPU
		{82E32CAD-7E2F-43A2-A875-C8E681DE0857}.Debug|Any CPU.ActiveCfg = Debug|Any CPU
		{82E32CAD-7E2F-43A2-A875-C8E681DE0857}.Debug|Any CPU.Build.0 = Debug|Any CPU
		{82E32CAD-7E2F-43A2-A875-C8E681DE0857}.Release|Any CPU.ActiveCfg = Release|Any CPU
		{82E32CAD-7E2F-43A2-A875-C8E681DE0857}.Release|Any CPU.Build.0 = Release|Any CPU
		{AA52D528-8D1F-4FE7-9D05-7807BE56D6EC}.Debug|Any CPU.ActiveCfg = Debug|Any CPU
		{AA52D528-8D1F-4FE7-9D05-7807BE56D6EC}.Debug|Any CPU.Build.0 = Debug|Any CPU
		{AA52D528-8D1F-4FE7-9D05-7807BE56D6EC}.Release|Any CPU.ActiveCfg = Release|Any CPU
		{AA52D528-8D1F-4FE7-9D05-7807BE56D6EC}.Release|Any CPU.Build.0 = Release|Any CPU
	EndGlobalSection
	GlobalSection(SolutionProperties) = preSolution
		HideSolutionNode = FALSE
	EndGlobalSection
	GlobalSection(ExtensibilityGlobals) = postSolution
		SolutionGuid = {2E8ED781-E12E-4D7F-850D-88C9EA6C66DD}
	EndGlobalSection
EndGlobal
